# @generated - this file is auto-generated by `mise lock` https://mise.jdx.dev/dev-tools/mise-lock.html

[[tools."github:victor-software-house/verctl"]]
version = "0.2.1"
backend = "github:victor-software-house/verctl"

[tools."github:victor-software-house/verctl"."platforms.linux-x64"]
checksum = "sha256:14afea532f309c7f837cce24629b33dba4bfd04003f53589c3964e0b1ef81150"
url = "https://github.com/victor-software-house/verctl/releases/download/v0.2.1/verctl_0.2.1_linux_x64.tar.gz"
url_api = "https://api.github.com/repos/victor-software-house/verctl/releases/assets/525357163"

[tools."github:victor-software-house/verctl"."platforms.linux-x64-musl"]
checksum = "sha256:14afea532f309c7f837cce24629b33dba4bfd04003f53589c3964e0b1ef81150"
url = "https://github.com/victor-software-house/verctl/releases/download/v0.2.1/verctl_0.2.1_linux_x64.tar.gz"
url_api = "https://api.github.com/repos/victor-software-house/verctl/releases/assets/525357163"

[tools."github:victor-software-house/verctl"."platforms.macos-arm64"]
checksum = "sha256:a24f9531d12528bbc4f8ae490f153e0460965f1d857eb289373bcad24b72f452"
url = "https://github.com/victor-software-house/verctl/releases/download/v0.2.1/verctl_0.2.1_macos_arm64.tar.gz"
url_api = "https://api.github.com/repos/victor-software-house/verctl/releases/assets/525356596"
